
Microsoft Visual Studio Solution File, Format Version 12.00
# Visual Studio 2012
Project("{FAE04EC0-301F-11D3-BF4B-00C04F79EFBC}") = "DialogBoxMvvmSample", "DialogBoxMvvmSample\DialogBoxMvvmSample.csproj", "{B780B26B-F5F7-466F-92FC-A7E2647E57C9}"
EndProject
Global
	GlobalSection(SolutionConfigurationPlatforms) = preSolution
		Debug|Any CPU = Debug|Any CPU
		Release|Any CPU = Release|Any CPU
	EndGlobalSection
	GlobalSection(ProjectConfigurationPlatforms) = postSolution
		{B780B26B-F5F7-466F-92FC-A7E2647E57C9}.Debug|Any CPU.ActiveCfg = Debug|Any CPU
		{B780B26B-F5F7-466F-92FC-A7E2647E57C9}.Debug|Any CPU.Build.0 = Debug|Any CPU
		{B780B26B-F5F7-466F-92FC-A7E2647E57C9}.Release|Any CPU.ActiveCfg = Release|Any CPU
		{B780B26B-F5F7-466F-92FC-A7E2647E57C9}.Release|Any CPU.Build.0 = Release|Any CPU
	EndGlobalSection
	GlobalSection(SolutionProperties) = preSolution
		HideSolutionNode = FALSE
	EndGlobalSection
EndGlobal
